
Microsoft Visual Studio Solution File, Format Version 12.00
Project("{FAE04EC0-301F-11D3-BF4B-00C04F79EFBC}") = "AspNetCoreThrottler", "AspNetCoreThrottler\AspNetCoreThrottler.csproj", "{AEBF9EFA-F876-408C-BCF2-FC1346DA846A}"
EndProject
Global
	GlobalSection(SolutionConfigurationPlatforms) = preSolution
		Debug|Any CPU = Debug|Any CPU
		Release|Any CPU = Release|Any CPU
	EndGlobalSection
	GlobalSection(ProjectConfigurationPlatforms) = postSolution
		{AEBF9EFA-F876-408C-BCF2-FC1346DA846A}.Debug|Any CPU.ActiveCfg = Debug|Any CPU
		{AEBF9EFA-F876-408C-BCF2-FC1346DA846A}.Debug|Any CPU.Build.0 = Debug|Any CPU
		{AEBF9EFA-F876-408C-BCF2-FC1346DA846A}.Release|Any CPU.ActiveCfg = Release|Any CPU
		{AEBF9EFA-F876-408C-BCF2-FC1346DA846A}.Release|Any CPU.Build.0 = Release|Any CPU
	EndGlobalSection
EndGlobal
